Microsoft Visual Studio Solution File, Format Version 11.00
# Visual Studio 2008

Project("{292D150E-83A1-A7DA-C5C8-57C1C89C028C}") = "Pinscape", "Assembly-CSharp.csproj", "{C8A8708A-F31F-1ECD-EF48-BF0E2DE8A829}"
EndProject
Global
	GlobalSection(SolutionConfigurationPlatforms) = preSolution
		Debug|Any CPU = Debug|Any CPU
		Release|Any CPU = Release|Any CPU
	EndGlobalSection
	GlobalSection(ProjectConfigurationPlatforms) = postSolution
		{C8A8708A-F31F-1ECD-EF48-BF0E2DE8A829}.Debug|Any CPU.ActiveCfg = Debug|Any CPU
		{C8A8708A-F31F-1ECD-EF48-BF0E2DE8A829}.Debug|Any CPU.Build.0 = Debug|Any CPU
		{C8A8708A-F31F-1ECD-EF48-BF0E2DE8A829}.Release|Any CPU.ActiveCfg = Release|Any CPU
		{C8A8708A-F31F-1ECD-EF48-BF0E2DE8A829}.Release|Any CPU.Build.0 = Release|Any CPU
	EndGlobalSection
	GlobalSection(SolutionProperties) = preSolution
		HideSolutionNode = FALSE
	EndGlobalSection
	GlobalSection(MonoDevelopProperties) = preSolution
		StartupItem = Assembly-CSharp.csproj
	EndGlobalSection
EndGlobal
